
Microsoft Visual Studio Solution File, Format Version 12.00
# Visual Studio Version 17
VisualStudioVersion = 17.1.32104.313
MinimumVisualStudioVersion = 10.0.40219.1
Project("{9A19103F-16F7-4668-BE54-9A1E7A4F7556}") = "MaterialBlazor", "MaterialBlazor\MaterialBlazor.csproj", "{1AC7A9C0-6B55-4313-86C4-E64EA88A576C}"
EndProject
Global
	GlobalSection(SolutionConfigurationPlatforms) = preSolution
		Debug|Any CPU = Debug|Any CPU
		Release|Any CPU = Release|Any CPU
	EndGlobalSection
	GlobalSection(ProjectConfigurationPlatforms) = postSolution
		{1AC7A9C0-6B55-4313-86C4-E64EA88A576C}.Debug|Any CPU.ActiveCfg = Debug|Any CPU
		{1AC7A9C0-6B55-4313-86C4-E64EA88A576C}.Debug|Any CPU.Build.0 = Debug|Any CPU
		{1AC7A9C0-6B55-4313-86C4-E64EA88A576C}.Release|Any CPU.ActiveCfg = Release|Any CPU
		{1AC7A9C0-6B55-4313-86C4-E64EA88A576C}.Release|Any CPU.Build.0 = Release|Any CPU
	EndGlobalSection
	GlobalSection(SolutionProperties) = preSolution
		HideSolutionNode = FALSE
	EndGlobalSection
	GlobalSection(ExtensibilityGlobals) = postSolution
		SolutionGuid = {82169BE8-6762-4622-9F87-1D406CC1F6BD}
	EndGlobalSection
EndGlobal
